<?xml version="1.0" encoding="utf-8"?>
<Project ToolsVersion="4.0" xmlns="http://schemas.microsoft.com/developer/msbuild/2003">
  <ItemGroup>
    <Filter Include="源文件">
      <UniqueIdentifier>{4FC737F1-C7A5-4376-A066-2A32D752A2FF}</UniqueIdentifier>
      <Extensions>cpp;c;cc;cxx;def;odl;idl;hpj;bat;asm;asmx</Extensions>
    </Filter>
    <Filter Include="头文件">
      <UniqueIdentifier>{93995380-89BD-4b04-88EB-625FBE52EBFB}</UniqueIdentifier>
      <Extensions>h;hh;hpp;hxx;hm;inl;inc;ipp;xsd</Extensions>
    </Filter>
    <Filter Include="资源文件">
      <UniqueIdentifier>{67DA6AB6-F800-4c08-8B7A-83BB121AAD01}</UniqueIdentifier>
      <Extensions>rc;ico;cur;bmp;dlg;rc2;rct;bin;rgs;gif;jpg;jpeg;jpe;resx;tiff;tif;png;wav;mfcribbon-ms</Extensions>
    </Filter>
    <Filter Include="SequenceTemplate">
      <UniqueIdentifier>{aa51e918-5ca8-4e12-bb44-49df065a4b7c}</UniqueIdentifier>
    </Filter>
    <Filter Include="LinkedListTemplate">
      <UniqueIdentifier>{a497bda7-404a-4bb7-a6d8-c314d534241f}</UniqueIdentifier>
    </Filter>
    <Filter Include="Common">
      <UniqueIdentifier>{c76a744a-9abc-4def-a95b-dc91b491763a}</UniqueIdentifier>
    </Filter>
    <Filter Include="RealTypeInstance">
      <UniqueIdentifier>{309da5fd-206c-435a-aa09-df7e308baeda}</UniqueIdentifier>
    </Filter>
    <Filter Include="Question">
      <UniqueIdentifier>{baf74f6d-ed1f-40a3-a351-f2468af7d615}</UniqueIdentifier>
    </Filter>
    <Filter Include="TreeTemplate">
      <UniqueIdentifier>{e1d459d4-772d-4595-88dc-6099073a517c}</UniqueIdentifier>
    </Filter>
    <Filter Include="GraphTemplate">
      <UniqueIdentifier>{64dadba1-4fc0-47d8-9eb1-26082c8dfe78}</UniqueIdentifier>
    </Filter>
    <Filter Include="Search">
      <UniqueIdentifier>{dc596f3d-f0e6-42cc-94a7-95398e0aab37}</UniqueIdentifier>
    </Filter>
    <Filter Include="StringOpe">
      <UniqueIdentifier>{1ea6a25e-341e-46ee-acb3-2d0a65dc4cb6}</UniqueIdentifier>
    </Filter>
  </ItemGroup>
  <ItemGroup>
    <ClInclude Include="pch.h">
      <Filter>头文件</Filter>
    </ClInclude>
    <ClInclude Include="MySqStackT.h">
      <Filter>SequenceTemplate</Filter>
    </ClInclude>
    <ClInclude Include="MyLinkStackT.h">
      <Filter>LinkedListTemplate</Filter>
    </ClInclude>
    <ClInclude Include="BaseDefine.h">
      <Filter>Common</Filter>
    </ClInclude>
    <ClInclude Include="MyLinkedListT.h">
      <Filter>LinkedListTemplate</Filter>
    </ClInclude>
    <ClInclude Include="MySqListT.h">
      <Filter>SequenceTemplate</Filter>
    </ClInclude>
    <ClInclude Include="MyIntStack.h">
      <Filter>RealTypeInstance</Filter>
    </ClInclude>
    <ClInclude Include="MyIntQueue.h">
      <Filter>RealTypeInstance</Filter>
    </ClInclude>
    <ClInclude Include="MyIntList.h">
      <Filter>RealTypeInstance</Filter>
    </ClInclude>
    <ClInclude Include="MyDLinkedListT.h">
      <Filter>LinkedListTemplate</Filter>
    </ClInclude>
    <ClInclude Include="MyLinkQueueT.h">
      <Filter>LinkedListTemplate</Filter>
    </ClInclude>
    <ClInclude Include="MySqQueueT.h">
      <Filter>SequenceTemplate</Filter>
    </ClInclude>
    <ClInclude Include="MyBinaryTreeT.h">
      <Filter>TreeTemplate</Filter>
    </ClInclude>
    <ClInclude Include="CreateBinaryTree.h">
      <Filter>Question</Filter>
    </ClInclude>
    <ClInclude Include="MyHuffmanTree.h">
      <Filter>TreeTemplate</Filter>
    </ClInclude>
    <ClInclude Include="MyBinarySortTree.h">
      <Filter>TreeTemplate</Filter>
    </ClInclude>
    <ClInclude Include="MyTreeT.h">
      <Filter>TreeTemplate</Filter>
    </ClInclude>
    <ClInclude Include="EdgeT.h">
      <Filter>GraphTemplate</Filter>
    </ClInclude>
    <ClInclude Include="AdjMatrixGraph.h">
      <Filter>GraphTemplate</Filter>
    </ClInclude>
    <ClInclude Include="ConstDefine.h">
      <Filter>Common</Filter>
    </ClInclude>
    <ClInclude Include="AdjListGraph.h">
      <Filter>GraphTemplate</Filter>
    </ClInclude>
    <ClInclude Include="AbstractGraph.h">
      <Filter>GraphTemplate</Filter>
    </ClInclude>
    <ClInclude Include="RemoveOpe.h">
      <Filter>Question</Filter>
    </ClInclude>
    <ClInclude Include="LinearListSearch.h">
      <Filter>Search</Filter>
    </ClInclude>
    <ClInclude Include="StringSplit.h">
      <Filter>StringOpe</Filter>
    </ClInclude>
    <ClInclude Include="StringConvert.h">
      <Filter>StringOpe</Filter>
    </ClInclude>
  </ItemGroup>
  <ItemGroup>
    <ClCompile Include="pch.cpp">
      <Filter>源文件</Filter>
    </ClCompile>
    <ClCompile Include="MySqStackT.cpp">
      <Filter>SequenceTemplate</Filter>
    </ClCompile>
    <ClCompile Include="MyLinkStackT.cpp">
      <Filter>LinkedListTemplate</Filter>
    </ClCompile>
    <ClCompile Include="MyLinkedListT.cpp">
      <Filter>LinkedListTemplate</Filter>
    </ClCompile>
    <ClCompile Include="MyMain.cpp">
      <Filter>源文件</Filter>
    </ClCompile>
    <ClCompile Include="MySqListT.cpp">
      <Filter>SequenceTemplate</Filter>
    </ClCompile>
    <ClCompile Include="MyIntStack.cpp">
      <Filter>RealTypeInstance</Filter>
    </ClCompile>
    <ClCompile Include="MyIntQueue.cpp">
      <Filter>RealTypeInstance</Filter>
    </ClCompile>
    <ClCompile Include="MyIntList.cpp">
      <Filter>RealTypeInstance</Filter>
    </ClCompile>
    <ClCompile Include="MyDLinkedListT.cpp">
      <Filter>LinkedListTemplate</Filter>
    </ClCompile>
    <ClCompile Include="MyLinkQueueT.cpp">
      <Filter>LinkedListTemplate</Filter>
    </ClCompile>
    <ClCompile Include="MySqQueueT.cpp">
      <Filter>SequenceTemplate</Filter>
    </ClCompile>
    <ClCompile Include="MyBinaryTreeT.cpp">
      <Filter>TreeTemplate</Filter>
    </ClCompile>
    <ClCompile Include="MyBinarySortTree.cpp">
      <Filter>TreeTemplate</Filter>
    </ClCompile>
    <ClCompile Include="AdjMatrixGraph.cpp">
      <Filter>GraphTemplate</Filter>
    </ClCompile>
    <ClCompile Include="AdjListGraph.cpp">
      <Filter>GraphTemplate</Filter>
    </ClCompile>
    <ClCompile Include="StringSplit.cpp">
      <Filter>StringOpe</Filter>
    </ClCompile>
  </ItemGroup>
</Project>